// !$*UTF8*$!
{
	archiveVersion = 1;
	classes = {
	};
	objectVersion = 46;
	objects = {

/* Begin PBXFileReference section */
		FC0048C81ABBACCB0071661F /* FuzzySearch.swift */ = {isa = PBXFileReference; lastKnownFileType = sourcecode.swift; path = FuzzySearch.swift; sourceTree = "<group>"; };
		FC0048C91ABBB0110071661F /* FuzzySearchTest.swift */ = {isa = PBXFileReference; lastKnownFileType = sourcecode.swift; path = FuzzySearchTest.swift; sourceTree = "<group>"; };
/* End PBXFileReference section */

/* Begin PBXGroup section */
		FC0048C11ABBACAB0071661F = {
			isa = PBXGroup;
			children = (
				FC0048C81ABBACCB0071661F /* FuzzySearch.swift */,
				FC0048C91ABBB0110071661F /* FuzzySearchTest.swift */,
			);
			sourceTree = "<group>";
		};
/* End PBXGroup section */

/* Begin PBXProject section */
		FC0048C21ABBACAB0071661F /* Project object */ = {
			isa = PBXProject;
			attributes = {
				LastUpgradeCheck = 0620;
			};
			buildConfigurationList = FC0048C51ABBACAB0071661F /* Build configuration list for PBXProject "FuzzySearch" */;
			compatibilityVersion = "Xcode 3.2";
			developmentRegion = English;
			hasScannedForEncodings = 0;
			knownRegions = (
				en,
			);
			mainGroup = FC0048C11ABBACAB0071661F;
			projectDirPath = "";
			projectRoot = "";
			targets = (
			);
		};
/* End PBXProject section */

/* Begin XCBuildConfiguration section */
		FC0048C61ABBACAB0071661F /* Debug */ = {
			isa = XCBuildConfiguration;
			buildSettings = {
			};
			name = Debug;
		};
		FC0048C71ABBACAB0071661F /* Release */ = {
			isa = XCBuildConfiguration;
			buildSettings = {
			};
			name = Release;
		};
/* End XCBuildConfiguration section */

/* Begin XCConfigurationList section */
		FC0048C51ABBACAB0071661F /* Build configuration list for PBXProject "FuzzySearch" */ = {
			isa = XCConfigurationList;
			buildConfigurations = (
				FC0048C61ABBACAB0071661F /* Debug */,
				FC0048C71ABBACAB0071661F /* Release */,
			);
			defaultConfigurationIsVisible = 0;
			defaultConfigurationName = Release;
		};
/* End XCConfigurationList section */
	};
	rootObject = FC0048C21ABBACAB0071661F /* Project object */;
}
